// !$*UTF8*$!
{
	archiveVersion = 1;
	classes = {
	};
	objectVersion = 56;
	objects = {

/* Begin PBXBuildFile section */
		A411D9A82C4D883D00519312 /* AppDelegate.swift in Sources */ = {isa = PBXBuildFile; fileRef = A411D9A72C4D883D00519312 /* AppDelegate.swift */; };
		A411D9AA2C4D883D00519312 /* SceneDelegate.swift in Sources */ = {isa = PBXBuildFile; fileRef = A411D9A92C4D883D00519312 /* SceneDelegate.swift */; };
		A411D9B12C4D883F00519312 /* Assets.xcassets in Resources */ = {isa = PBXBuildFile; fileRef = A411D9B02C4D883F00519312 /* Assets.xcassets */; };
		A411D9B42C4D883F00519312 /* Base in Resources */ = {isa = PBXBuildFile; fileRef = A411D9B32C4D883F00519312 /* Base */; };
		A411D9C52C4D946100519312 /* InputMode.swift in Sources */ = {isa = PBXBuildFile; fileRef = A411D9C42C4D946100519312 /* InputMode.swift */; };
		A411D9C72C4D947A00519312 /* RoomType.swift in Sources */ = {isa = PBXBuildFile; fileRef = A411D9C62C4D947A00519312 /* RoomType.swift */; };
		A411D9C92C4D948600519312 /* RoomStyle.swift in Sources */ = {isa = PBXBuildFile; fileRef = A411D9C82C4D948600519312 /* RoomStyle.swift */; };
		A411D9CE2C4D972800519312 /* Constants.swift in Sources */ = {isa = PBXBuildFile; fileRef = A411D9CD2C4D972800519312 /* Constants.swift */; };
		A411D9D12C4D97B300519312 /* Inter-Bold.ttf in Resources */ = {isa = PBXBuildFile; fileRef = A411D9D02C4D97B300519312 /* Inter-Bold.ttf */; };
		A411D9D32C4D97BC00519312 /* Inter-Regular.ttf in Resources */ = {isa = PBXBuildFile; fileRef = A411D9D22C4D97BC00519312 /* Inter-Regular.ttf */; };
		A411D9D82C4EF17100519312 /* GeneratorPresenter.swift in Sources */ = {isa = PBXBuildFile; fileRef = A411D9D72C4EF17100519312 /* GeneratorPresenter.swift */; };
		A411D9DA2C4EF4FB00519312 /* StyleCollectionViewCell.swift in Sources */ = {isa = PBXBuildFile; fileRef = A411D9D92C4EF4FB00519312 /* StyleCollectionViewCell.swift */; };
		A411D9DC2C4FB3AF00519312 /* RoomTypeCollectionViewCell.swift in Sources */ = {isa = PBXBuildFile; fileRef = A411D9DB2C4FB3AF00519312 /* RoomTypeCollectionViewCell.swift */; };
		A411D9DF2C4FFC4900519312 /* GenerationViewOutputProtocol.swift in Sources */ = {isa = PBXBuildFile; fileRef = A411D9DE2C4FFC4900519312 /* GenerationViewOutputProtocol.swift */; };
		A411D9E22C50036B00519312 /* SceneBuildManager.swift in Sources */ = {isa = PBXBuildFile; fileRef = A411D9E12C50036B00519312 /* SceneBuildManager.swift */; };
		A411D9E42C501FA300519312 /* SwipeButton.swift in Sources */ = {isa = PBXBuildFile; fileRef = A411D9E32C501FA300519312 /* SwipeButton.swift */; };
		A411D9E92C505CCA00519312 /* KandinskyAPIManager.swift in Sources */ = {isa = PBXBuildFile; fileRef = A411D9E82C505CCA00519312 /* KandinskyAPIManager.swift */; };
		A411D9EB2C5165B400519312 /* ImageAnalysisManager.swift in Sources */ = {isa = PBXBuildFile; fileRef = A411D9EA2C5165B400519312 /* ImageAnalysisManager.swift */; };
		A411D9ED2C5193C400519312 /* ImageAnalisisResposeModel.swift in Sources */ = {isa = PBXBuildFile; fileRef = A411D9EC2C5193C400519312 /* ImageAnalisisResposeModel.swift */; };
		A411D9EF2C5243D100519312 /* CircledSegmentedControl.swift in Sources */ = {isa = PBXBuildFile; fileRef = A411D9EE2C5243D100519312 /* CircledSegmentedControl.swift */; };
		A411D9F12C5243F600519312 /* UIButton+SetTitle.swift in Sources */ = {isa = PBXBuildFile; fileRef = A411D9F02C5243F600519312 /* UIButton+SetTitle.swift */; };
		A411D9F32C52445900519312 /* PromtInputView.swift in Sources */ = {isa = PBXBuildFile; fileRef = A411D9F22C52445900519312 /* PromtInputView.swift */; };
		A411D9F52C53806B00519312 /* GenerationViewController.swift in Sources */ = {isa = PBXBuildFile; fileRef = A411D9F42C53806B00519312 /* GenerationViewController.swift */; };
		A411D9F72C5381AB00519312 /* UIStackView+AddArrangedSubviews.swift in Sources */ = {isa = PBXBuildFile; fileRef = A411D9F62C5381AB00519312 /* UIStackView+AddArrangedSubviews.swift */; };
		A411D9F92C53944900519312 /* ResultView.swift in Sources */ = {isa = PBXBuildFile; fileRef = A411D9F82C53944900519312 /* ResultView.swift */; };
		A411D9FB2C54D6AB00519312 /* PromtInputViewProtocol.swift in Sources */ = {isa = PBXBuildFile; fileRef = A411D9FA2C54D6AB00519312 /* PromtInputViewProtocol.swift */; };
		A411D9FD2C54D6CE00519312 /* InputResult.swift in Sources */ = {isa = PBXBuildFile; fileRef = A411D9FC2C54D6CE00519312 /* InputResult.swift */; };
		A4234D3A2C54E2220011DD48 /* UIView+AddBlur.swift in Sources */ = {isa = PBXBuildFile; fileRef = A4234D392C54E2220011DD48 /* UIView+AddBlur.swift */; };
		A4234D3C2C54EBA70011DD48 /* ResultViewProtocol.swift in Sources */ = {isa = PBXBuildFile; fileRef = A4234D3B2C54EBA70011DD48 /* ResultViewProtocol.swift */; };
		A4234D432C555D4B0011DD48 /* OnboardingViewController.swift in Sources */ = {isa = PBXBuildFile; fileRef = A4234D422C555D4B0011DD48 /* OnboardingViewController.swift */; };
		A4234D452C56B4370011DD48 /* TopLineView.swift in Sources */ = {isa = PBXBuildFile; fileRef = A4234D442C56B4370011DD48 /* TopLineView.swift */; };
		A4234D472C56C2EA0011DD48 /* TopLineViewProtocol.swift in Sources */ = {isa = PBXBuildFile; fileRef = A4234D462C56C2EA0011DD48 /* TopLineViewProtocol.swift */; };
		A4234D492C56DC2E0011DD48 /* UIView+SetGradient.swift in Sources */ = {isa = PBXBuildFile; fileRef = A4234D482C56DC2E0011DD48 /* UIView+SetGradient.swift */; };
		A4234D4B2C56E1F10011DD48 /* UIButton+DashedBorder.swift in Sources */ = {isa = PBXBuildFile; fileRef = A4234D4A2C56E1F10011DD48 /* UIButton+DashedBorder.swift */; };
		A4234D4D2C578FA50011DD48 /* OnboardingSlide.swift in Sources */ = {isa = PBXBuildFile; fileRef = A4234D4C2C578FA50011DD48 /* OnboardingSlide.swift */; };
		A4234D4F2C578FB30011DD48 /* OnboardingViewProtocol.swift in Sources */ = {isa = PBXBuildFile; fileRef = A4234D4E2C578FB30011DD48 /* OnboardingViewProtocol.swift */; };
		A4234D512C5790430011DD48 /* OnboardingPresenter.swift in Sources */ = {isa = PBXBuildFile; fileRef = A4234D502C5790430011DD48 /* OnboardingPresenter.swift */; };
		A4234D532C5792130011DD48 /* GenerationViewInputProtocol.swift in Sources */ = {isa = PBXBuildFile; fileRef = A4234D522C5792130011DD48 /* GenerationViewInputProtocol.swift */; };
		A4234D572C57A0A40011DD48 /* OnboaringPresenterProtocol.swift in Sources */ = {isa = PBXBuildFile; fileRef = A4234D562C57A0A40011DD48 /* OnboaringPresenterProtocol.swift */; };
		A4234D592C57A7DF0011DD48 /* OnboardingTriptychCollectionViewCell.swift in Sources */ = {isa = PBXBuildFile; fileRef = A4234D582C57A7DF0011DD48 /* OnboardingTriptychCollectionViewCell.swift */; };
		A4234D5B2C57CB6A0011DD48 /* OnboardingSlideProtocol.swift in Sources */ = {isa = PBXBuildFile; fileRef = A4234D5A2C57CB6A0011DD48 /* OnboardingSlideProtocol.swift */; };
		A4234D5D2C57D1CF0011DD48 /* OnboardingCrossCollectionViewCell.swift in Sources */ = {isa = PBXBuildFile; fileRef = A4234D5C2C57D1CF0011DD48 /* OnboardingCrossCollectionViewCell.swift */; };
		A4234D5F2C58F9AF0011DD48 /* OnboardingLinesCollectionViewCell.swift in Sources */ = {isa = PBXBuildFile; fileRef = A4234D5E2C58F9AF0011DD48 /* OnboardingLinesCollectionViewCell.swift */; };
		A4234D612C59119D0011DD48 /* UIStackView+UppendImageViews.swift in Sources */ = {isa = PBXBuildFile; fileRef = A4234D602C59119D0011DD48 /* UIStackView+UppendImageViews.swift */; };
		A4234D632C5912450011DD48 /* UIStackView+RemoveArrangedSubviews.swift in Sources */ = {isa = PBXBuildFile; fileRef = A4234D622C5912450011DD48 /* UIStackView+RemoveArrangedSubviews.swift */; };
		A4234D652C5914280011DD48 /* UIImage+ColorInit.swift in Sources */ = {isa = PBXBuildFile; fileRef = A4234D642C5914280011DD48 /* UIImage+ColorInit.swift */; };
		A4234D672C59144F0011DD48 /* RoomStyleCellData.swift in Sources */ = {isa = PBXBuildFile; fileRef = A4234D662C59144F0011DD48 /* RoomStyleCellData.swift */; };
		A4234D692C5914710011DD48 /* RoomTypeCellData.swift in Sources */ = {isa = PBXBuildFile; fileRef = A4234D682C5914710011DD48 /* RoomTypeCellData.swift */; };
		A4234D6B2C59148E0011DD48 /* RoomTypeCollectionViewCellProtocol.swift in Sources */ = {isa = PBXBuildFile; fileRef = A4234D6A2C59148E0011DD48 /* RoomTypeCollectionViewCellProtocol.swift */; };
		A4234D6D2C5914AB0011DD48 /* String+GenerateWidth.swift in Sources */ = {isa = PBXBuildFile; fileRef = A4234D6C2C5914AB0011DD48 /* String+GenerateWidth.swift */; };
		A4234D6F2C5915B00011DD48 /* OnboardingViewOutputProtocol.swift in Sources */ = {isa = PBXBuildFile; fileRef = A4234D6E2C5915B00011DD48 /* OnboardingViewOutputProtocol.swift */; };
		A4234D792C59241D0011DD48 /* SettingsViewController.swift in Sources */ = {isa = PBXBuildFile; fileRef = A4234D782C59241D0011DD48 /* SettingsViewController.swift */; };
		A4234D7B2C5929010011DD48 /* SettingsViewInputProtocol.swift in Sources */ = {isa = PBXBuildFile; fileRef = A4234D7A2C5929010011DD48 /* SettingsViewInputProtocol.swift */; };
		A4234D7D2C5929200011DD48 /* SettingsViewOutputProtocol.swift in Sources */ = {isa = PBXBuildFile; fileRef = A4234D7C2C5929200011DD48 /* SettingsViewOutputProtocol.swift */; };
		A4234D7F2C5929600011DD48 /* SettingsPresenterProtocol.swift in Sources */ = {isa = PBXBuildFile; fileRef = A4234D7E2C5929600011DD48 /* SettingsPresenterProtocol.swift */; };
		A4234D812C592A630011DD48 /* SettingsPresenter.swift in Sources */ = {isa = PBXBuildFile; fileRef = A4234D802C592A630011DD48 /* SettingsPresenter.swift */; };
		A4234D872C595BBA0011DD48 /* SettingsTableViewCell.swift in Sources */ = {isa = PBXBuildFile; fileRef = A4234D862C595BBA0011DD48 /* SettingsTableViewCell.swift */; };
		A4234D8A2C59E51F0011DD48 /* RatingManager.swift in Sources */ = {isa = PBXBuildFile; fileRef = A4234D892C59E51F0011DD48 /* RatingManager.swift */; };
		A4234D8C2C59E7610011DD48 /* AnimatableSettingsTableViewCell.swift in Sources */ = {isa = PBXBuildFile; fileRef = A4234D8B2C59E7610011DD48 /* AnimatableSettingsTableViewCell.swift */; };
		A4234D8E2C59E89C0011DD48 /* SettingsTableCellData.swift in Sources */ = {isa = PBXBuildFile; fileRef = A4234D8D2C59E89C0011DD48 /* SettingsTableCellData.swift */; };
		A4234D902C59EBA10011DD48 /* PayWallCollectionViewCell.swift in Sources */ = {isa = PBXBuildFile; fileRef = A4234D8F2C59EBA10011DD48 /* PayWallCollectionViewCell.swift */; };
		A4234D972C59FC580011DD48 /* PayWallViewController.swift in Sources */ = {isa = PBXBuildFile; fileRef = A4234D962C59FC580011DD48 /* PayWallViewController.swift */; };
		A4234D992C59FEC30011DD48 /* PayWallView.swift in Sources */ = {isa = PBXBuildFile; fileRef = A4234D982C59FEC30011DD48 /* PayWallView.swift */; };
/* End PBXBuildFile section */

/* Begin PBXFileReference section */
		A411D9A42C4D883D00519312 /* AIRoomInterior.app */ = {isa = PBXFileReference; explicitFileType = wrapper.application; includeInIndex = 0; path = AIRoomInterior.app; sourceTree = BUILT_PRODUCTS_DIR; };
		A411D9A72C4D883D00519312 /* AppDelegate.swift */ = {isa = PBXFileReference; lastKnownFileType = sourcecode.swift; path = AppDelegate.swift; sourceTree = "<group>"; };
		A411D9A92C4D883D00519312 /* SceneDelegate.swift */ = {isa = PBXFileReference; lastKnownFileType = sourcecode.swift; path = SceneDelegate.swift; sourceTree = "<group>"; };
		A411D9B02C4D883F00519312 /* Assets.xcassets */ = {isa = PBXFileReference; lastKnownFileType = folder.assetcatalog; path = Assets.xcassets; sourceTree = "<group>"; };
		A411D9B32C4D883F00519312 /* Base */ = {isa = PBXFileReference; lastKnownFileType = file.storyboard; name = Base; path = Base.lproj/LaunchScreen.storyboard; sourceTree = "<group>"; };
		A411D9B52C4D883F00519312 /* Info.plist */ = {isa = PBXFileReference; lastKnownFileType = text.plist.xml; path = Info.plist; sourceTree = "<group>"; };
		A411D9C42C4D946100519312 /* InputMode.swift */ = {isa = PBXFileReference; lastKnownFileType = sourcecode.swift; path = InputMode.swift; sourceTree = "<group>"; };
		A411D9C62C4D947A00519312 /* RoomType.swift */ = {isa = PBXFileReference; lastKnownFileType = sourcecode.swift; path = RoomType.swift; sourceTree = "<group>"; };
		A411D9C82C4D948600519312 /* RoomStyle.swift */ = {isa = PBXFileReference; lastKnownFileType = sourcecode.swift; path = RoomStyle.swift; sourceTree = "<group>"; };
		A411D9CD2C4D972800519312 /* Constants.swift */ = {isa = PBXFileReference; lastKnownFileType = sourcecode.swift; path = Constants.swift; sourceTree = "<group>"; };
		A411D9D02C4D97B300519312 /* Inter-Bold.ttf */ = {isa = PBXFileReference; lastKnownFileType = file; path = "Inter-Bold.ttf"; sourceTree = "<group>"; };
		A411D9D22C4D97BC00519312 /* Inter-Regular.ttf */ = {isa = PBXFileReference; lastKnownFileType = file; path = "Inter-Regular.ttf"; sourceTree = "<group>"; };
		A411D9D72C4EF17100519312 /* GeneratorPresenter.swift */ = {isa = PBXFileReference; lastKnownFileType = sourcecode.swift; path = GeneratorPresenter.swift; sourceTree = "<group>"; };
		A411D9D92C4EF4FB00519312 /* StyleCollectionViewCell.swift */ = {isa = PBXFileReference; lastKnownFileType = sourcecode.swift; path = StyleCollectionViewCell.swift; sourceTree = "<group>"; };
		A411D9DB2C4FB3AF00519312 /* RoomTypeCollectionViewCell.swift */ = {isa = PBXFileReference; lastKnownFileType = sourcecode.swift; path = RoomTypeCollectionViewCell.swift; sourceTree = "<group>"; };
		A411D9DE2C4FFC4900519312 /* GenerationViewOutputProtocol.swift */ = {isa = PBXFileReference; lastKnownFileType = sourcecode.swift; path = GenerationViewOutputProtocol.swift; sourceTree = "<group>"; };
		A411D9E12C50036B00519312 /* SceneBuildManager.swift */ = {isa = PBXFileReference; lastKnownFileType = sourcecode.swift; path = SceneBuildManager.swift; sourceTree = "<group>"; };
		A411D9E32C501FA300519312 /* SwipeButton.swift */ = {isa = PBXFileReference; lastKnownFileType = sourcecode.swift; path = SwipeButton.swift; sourceTree = "<group>"; };
		A411D9E82C505CCA00519312 /* KandinskyAPIManager.swift */ = {isa = PBXFileReference; lastKnownFileType = sourcecode.swift; path = KandinskyAPIManager.swift; sourceTree = "<group>"; };
		A411D9EA2C5165B400519312 /* ImageAnalysisManager.swift */ = {isa = PBXFileReference; lastKnownFileType = sourcecode.swift; path = ImageAnalysisManager.swift; sourceTree = "<group>"; };
		A411D9EC2C5193C400519312 /* ImageAnalisisResposeModel.swift */ = {isa = PBXFileReference; lastKnownFileType = sourcecode.swift; path = ImageAnalisisResposeModel.swift; sourceTree = "<group>"; };
		A411D9EE2C5243D100519312 /* CircledSegmentedControl.swift */ = {isa = PBXFileReference; lastKnownFileType = sourcecode.swift; path = CircledSegmentedControl.swift; sourceTree = "<group>"; };
		A411D9F02C5243F600519312 /* UIButton+SetTitle.swift */ = {isa = PBXFileReference; lastKnownFileType = sourcecode.swift; path = "UIButton+SetTitle.swift"; sourceTree = "<group>"; };
		A411D9F22C52445900519312 /* PromtInputView.swift */ = {isa = PBXFileReference; lastKnownFileType = sourcecode.swift; path = PromtInputView.swift; sourceTree = "<group>"; };
		A411D9F42C53806B00519312 /* GenerationViewController.swift */ = {isa = PBXFileReference; lastKnownFileType = sourcecode.swift; path = GenerationViewController.swift; sourceTree = "<group>"; };
		A411D9F62C5381AB00519312 /* UIStackView+AddArrangedSubviews.swift */ = {isa = PBXFileReference; lastKnownFileType = sourcecode.swift; path = "UIStackView+AddArrangedSubviews.swift"; sourceTree = "<group>"; };
		A411D9F82C53944900519312 /* ResultView.swift */ = {isa = PBXFileReference; lastKnownFileType = sourcecode.swift; path = ResultView.swift; sourceTree = "<group>"; };
		A411D9FA2C54D6AB00519312 /* PromtInputViewProtocol.swift */ = {isa = PBXFileReference; lastKnownFileType = sourcecode.swift; path = PromtInputViewProtocol.swift; sourceTree = "<group>"; };
		A411D9FC2C54D6CE00519312 /* InputResult.swift */ = {isa = PBXFileReference; lastKnownFileType = sourcecode.swift; path = InputResult.swift; sourceTree = "<group>"; };
		A4234D392C54E2220011DD48 /* UIView+AddBlur.swift */ = {isa = PBXFileReference; lastKnownFileType = sourcecode.swift; path = "UIView+AddBlur.swift"; sourceTree = "<group>"; };
		A4234D3B2C54EBA70011DD48 /* ResultViewProtocol.swift */ = {isa = PBXFileReference; lastKnownFileType = sourcecode.swift; path = ResultViewProtocol.swift; sourceTree = "<group>"; };
		A4234D422C555D4B0011DD48 /* OnboardingViewController.swift */ = {isa = PBXFileReference; lastKnownFileType = sourcecode.swift; path = OnboardingViewController.swift; sourceTree = "<group>"; };
		A4234D442C56B4370011DD48 /* TopLineView.swift */ = {isa = PBXFileReference; lastKnownFileType = sourcecode.swift; path = TopLineView.swift; sourceTree = "<group>"; };
		A4234D462C56C2EA0011DD48 /* TopLineViewProtocol.swift */ = {isa = PBXFileReference; lastKnownFileType = sourcecode.swift; path = TopLineViewProtocol.swift; sourceTree = "<group>"; };
		A4234D482C56DC2E0011DD48 /* UIView+SetGradient.swift */ = {isa = PBXFileReference; lastKnownFileType = sourcecode.swift; path = "UIView+SetGradient.swift"; sourceTree = "<group>"; };
		A4234D4A2C56E1F10011DD48 /* UIButton+DashedBorder.swift */ = {isa = PBXFileReference; lastKnownFileType = sourcecode.swift; path = "UIButton+DashedBorder.swift"; sourceTree = "<group>"; };
		A4234D4C2C578FA50011DD48 /* OnboardingSlide.swift */ = {isa = PBXFileReference; lastKnownFileType = sourcecode.swift; path = OnboardingSlide.swift; sourceTree = "<group>"; };
		A4234D4E2C578FB30011DD48 /* OnboardingViewProtocol.swift */ = {isa = PBXFileReference; lastKnownFileType = sourcecode.swift; path = OnboardingViewProtocol.swift; sourceTree = "<group>"; };
		A4234D502C5790430011DD48 /* OnboardingPresenter.swift */ = {isa = PBXFileReference; lastKnownFileType = sourcecode.swift; path = OnboardingPresenter.swift; sourceTree = "<group>"; };
		A4234D522C5792130011DD48 /* GenerationViewInputProtocol.swift */ = {isa = PBXFileReference; lastKnownFileType = sourcecode.swift; path = GenerationViewInputProtocol.swift; sourceTree = "<group>"; };
		A4234D562C57A0A40011DD48 /* OnboaringPresenterProtocol.swift */ = {isa = PBXFileReference; lastKnownFileType = sourcecode.swift; path = OnboaringPresenterProtocol.swift; sourceTree = "<group>"; };
		A4234D582C57A7DF0011DD48 /* OnboardingTriptychCollectionViewCell.swift */ = {isa = PBXFileReference; lastKnownFileType = sourcecode.swift; path = OnboardingTriptychCollectionViewCell.swift; sourceTree = "<group>"; };
		A4234D5A2C57CB6A0011DD48 /* OnboardingSlideProtocol.swift */ = {isa = PBXFileReference; lastKnownFileType = sourcecode.swift; path = OnboardingSlideProtocol.swift; sourceTree = "<group>"; };
		A4234D5C2C57D1CF0011DD48 /* OnboardingCrossCollectionViewCell.swift */ = {isa = PBXFileReference; lastKnownFileType = sourcecode.swift; path = OnboardingCrossCollectionViewCell.swift; sourceTree = "<group>"; };
		A4234D5E2C58F9AF0011DD48 /* OnboardingLinesCollectionViewCell.swift */ = {isa = PBXFileReference; lastKnownFileType = sourcecode.swift; path = OnboardingLinesCollectionViewCell.swift; sourceTree = "<group>"; };
		A4234D602C59119D0011DD48 /* UIStackView+UppendImageViews.swift */ = {isa = PBXFileReference; lastKnownFileType = sourcecode.swift; path = "UIStackView+UppendImageViews.swift"; sourceTree = "<group>"; };
		A4234D622C5912450011DD48 /* UIStackView+RemoveArrangedSubviews.swift */ = {isa = PBXFileReference; lastKnownFileType = sourcecode.swift; path = "UIStackView+RemoveArrangedSubviews.swift"; sourceTree = "<group>"; };
		A4234D642C5914280011DD48 /* UIImage+ColorInit.swift */ = {isa = PBXFileReference; lastKnownFileType = sourcecode.swift; path = "UIImage+ColorInit.swift"; sourceTree = "<group>"; };
		A4234D662C59144F0011DD48 /* RoomStyleCellData.swift */ = {isa = PBXFileReference; lastKnownFileType = sourcecode.swift; path = RoomStyleCellData.swift; sourceTree = "<group>"; };
		A4234D682C5914710011DD48 /* RoomTypeCellData.swift */ = {isa = PBXFileReference; lastKnownFileType = sourcecode.swift; path = RoomTypeCellData.swift; sourceTree = "<group>"; };
		A4234D6A2C59148E0011DD48 /* RoomTypeCollectionViewCellProtocol.swift */ = {isa = PBXFileReference; lastKnownFileType = sourcecode.swift; path = RoomTypeCollectionViewCellProtocol.swift; sourceTree = "<group>"; };
		A4234D6C2C5914AB0011DD48 /* String+GenerateWidth.swift */ = {isa = PBXFileReference; lastKnownFileType = sourcecode.swift; path = "String+GenerateWidth.swift"; sourceTree = "<group>"; };
		A4234D6E2C5915B00011DD48 /* OnboardingViewOutputProtocol.swift */ = {isa = PBXFileReference; lastKnownFileType = sourcecode.swift; path = OnboardingViewOutputProtocol.swift; sourceTree = "<group>"; };
		A4234D782C59241D0011DD48 /* SettingsViewController.swift */ = {isa = PBXFileReference; lastKnownFileType = sourcecode.swift; path = SettingsViewController.swift; sourceTree = "<group>"; };
		A4234D7A2C5929010011DD48 /* SettingsViewInputProtocol.swift */ = {isa = PBXFileReference; lastKnownFileType = sourcecode.swift; path = SettingsViewInputProtocol.swift; sourceTree = "<group>"; };
		A4234D7C2C5929200011DD48 /* SettingsViewOutputProtocol.swift */ = {isa = PBXFileReference; lastKnownFileType = sourcecode.swift; path = SettingsViewOutputProtocol.swift; sourceTree = "<group>"; };
		A4234D7E2C5929600011DD48 /* SettingsPresenterProtocol.swift */ = {isa = PBXFileReference; lastKnownFileType = sourcecode.swift; path = SettingsPresenterProtocol.swift; sourceTree = "<group>"; };
		A4234D802C592A630011DD48 /* SettingsPresenter.swift */ = {isa = PBXFileReference; lastKnownFileType = sourcecode.swift; path = SettingsPresenter.swift; sourceTree = "<group>"; };
		A4234D862C595BBA0011DD48 /* SettingsTableViewCell.swift */ = {isa = PBXFileReference; lastKnownFileType = sourcecode.swift; path = SettingsTableViewCell.swift; sourceTree = "<group>"; };
		A4234D892C59E51F0011DD48 /* RatingManager.swift */ = {isa = PBXFileReference; lastKnownFileType = sourcecode.swift; path = RatingManager.swift; sourceTree = "<group>"; };
		A4234D8B2C59E7610011DD48 /* AnimatableSettingsTableViewCell.swift */ = {isa = PBXFileReference; lastKnownFileType = sourcecode.swift; path = AnimatableSettingsTableViewCell.swift; sourceTree = "<group>"; };
		A4234D8D2C59E89C0011DD48 /* SettingsTableCellData.swift */ = {isa = PBXFileReference; lastKnownFileType = sourcecode.swift; path = SettingsTableCellData.swift; sourceTree = "<group>"; };
		A4234D8F2C59EBA10011DD48 /* PayWallCollectionViewCell.swift */ = {isa = PBXFileReference; lastKnownFileType = sourcecode.swift; path = PayWallCollectionViewCell.swift; sourceTree = "<group>"; };
		A4234D962C59FC580011DD48 /* PayWallViewController.swift */ = {isa = PBXFileReference; lastKnownFileType = sourcecode.swift; path = PayWallViewController.swift; sourceTree = "<group>"; };
		A4234D982C59FEC30011DD48 /* PayWallView.swift */ = {isa = PBXFileReference; lastKnownFileType = sourcecode.swift; path = PayWallView.swift; sourceTree = "<group>"; };
/* End PBXFileReference section */

/* Begin PBXFrameworksBuildPhase section */
		A411D9A12C4D883D00519312 /* Frameworks */ = {
			isa = PBXFrameworksBuildPhase;
			buildActionMask = 2147483647;
			files = (
			);
			runOnlyForDeploymentPostprocessing = 0;
		};
/* End PBXFrameworksBuildPhase section */

/* Begin PBXGroup section */
		A411D99B2C4D883D00519312 = {
			isa = PBXGroup;
			children = (
				A411D9A62C4D883D00519312 /* AIRoomInterior */,
				A411D9A52C4D883D00519312 /* Products */,
			);
			sourceTree = "<group>";
		};
		A411D9A52C4D883D00519312 /* Products */ = {
			isa = PBXGroup;
			children = (
				A411D9A42C4D883D00519312 /* AIRoomInterior.app */,
			);
			name = Products;
			sourceTree = "<group>";
		};
		A411D9A62C4D883D00519312 /* AIRoomInterior */ = {
			isa = PBXGroup;
			children = (
				A411D9E52C503C5700519312 /* Services */,
				A411D9A72C4D883D00519312 /* AppDelegate.swift */,
				A411D9A92C4D883D00519312 /* SceneDelegate.swift */,
				A411D9D42C4EEBDF00519312 /* Extensions */,
				A411D9CC2C4D972100519312 /* Common */,
				A411D9BD2C4D8BAC00519312 /* Modules */,
				A411D9CF2C4D979A00519312 /* AssetsNFonts */,
				A411D9B22C4D883F00519312 /* LaunchScreen.storyboard */,
				A411D9B52C4D883F00519312 /* Info.plist */,
			);
			path = AIRoomInterior;
			sourceTree = "<group>";
		};
		A411D9BD2C4D8BAC00519312 /* Modules */ = {
			isa = PBXGroup;
			children = (
				A4234D912C59FC180011DD48 /* PayWall */,
				A4234D732C5923500011DD48 /* Settings */,
				A4234D3D2C555C8C0011DD48 /* Onboarding */,
				A411D9BE2C4D8BB400519312 /* Generate */,
			);
			path = Modules;
			sourceTree = "<group>";
		};
		A411D9BE2C4D8BB400519312 /* Generate */ = {
			isa = PBXGroup;
			children = (
				A411D9DD2C4FFC2A00519312 /* Protocols */,
				A411D9C02C4D8D2700519312 /* Models */,
				A411D9BF2C4D8D2100519312 /* Views */,
				A411D9C12C4D8D2C00519312 /* Presenter */,
			);
			path = Generate;
			sourceTree = "<group>";
		};
		A411D9BF2C4D8D2100519312 /* Views */ = {
			isa = PBXGroup;
			children = (
				A411D9F42C53806B00519312 /* GenerationViewController.swift */,
				A4234D442C56B4370011DD48 /* TopLineView.swift */,
				A411D9F22C52445900519312 /* PromtInputView.swift */,
				A411D9F82C53944900519312 /* ResultView.swift */,
				A411D9EE2C5243D100519312 /* CircledSegmentedControl.swift */,
				A411D9D92C4EF4FB00519312 /* StyleCollectionViewCell.swift */,
				A411D9DB2C4FB3AF00519312 /* RoomTypeCollectionViewCell.swift */,
				A411D9E32C501FA300519312 /* SwipeButton.swift */,
			);
			path = Views;
			sourceTree = "<group>";
		};
		A411D9C02C4D8D2700519312 /* Models */ = {
			isa = PBXGroup;
			children = (
				A411D9C42C4D946100519312 /* InputMode.swift */,
				A411D9C62C4D947A00519312 /* RoomType.swift */,
				A411D9C82C4D948600519312 /* RoomStyle.swift */,
				A411D9EC2C5193C400519312 /* ImageAnalisisResposeModel.swift */,
				A411D9FC2C54D6CE00519312 /* InputResult.swift */,
				A4234D662C59144F0011DD48 /* RoomStyleCellData.swift */,
				A4234D682C5914710011DD48 /* RoomTypeCellData.swift */,
			);
			path = Models;
			sourceTree = "<group>";
		};
		A411D9C12C4D8D2C00519312 /* Presenter */ = {
			isa = PBXGroup;
			children = (
				A411D9D72C4EF17100519312 /* GeneratorPresenter.swift */,
			);
			path = Presenter;
			sourceTree = "<group>";
		};
		A411D9CC2C4D972100519312 /* Common */ = {
			isa = PBXGroup;
			children = (
				A411D9CD2C4D972800519312 /* Constants.swift */,
				A4234D882C59E50E0011DD48 /* Managers */,
			);
			path = Common;
			sourceTree = "<group>";
		};
		A411D9CF2C4D979A00519312 /* AssetsNFonts */ = {
			isa = PBXGroup;
			children = (
				A411D9D22C4D97BC00519312 /* Inter-Regular.ttf */,
				A411D9D02C4D97B300519312 /* Inter-Bold.ttf */,
				A411D9B02C4D883F00519312 /* Assets.xcassets */,
			);
			path = AssetsNFonts;
			sourceTree = "<group>";
		};
		A411D9D42C4EEBDF00519312 /* Extensions */ = {
			isa = PBXGroup;
			children = (
				A411D9F02C5243F600519312 /* UIButton+SetTitle.swift */,
				A4234D4A2C56E1F10011DD48 /* UIButton+DashedBorder.swift */,
				A411D9F62C5381AB00519312 /* UIStackView+AddArrangedSubviews.swift */,
				A4234D602C59119D0011DD48 /* UIStackView+UppendImageViews.swift */,
				A4234D622C5912450011DD48 /* UIStackView+RemoveArrangedSubviews.swift */,
				A4234D392C54E2220011DD48 /* UIView+AddBlur.swift */,
				A4234D482C56DC2E0011DD48 /* UIView+SetGradient.swift */,
				A4234D642C5914280011DD48 /* UIImage+ColorInit.swift */,
				A4234D6C2C5914AB0011DD48 /* String+GenerateWidth.swift */,
			);
			path = Extensions;
			sourceTree = "<group>";
		};
		A411D9DD2C4FFC2A00519312 /* Protocols */ = {
			isa = PBXGroup;
			children = (
				A411D9DE2C4FFC4900519312 /* GenerationViewOutputProtocol.swift */,
				A4234D522C5792130011DD48 /* GenerationViewInputProtocol.swift */,
				A411D9FA2C54D6AB00519312 /* PromtInputViewProtocol.swift */,
				A4234D3B2C54EBA70011DD48 /* ResultViewProtocol.swift */,
				A4234D462C56C2EA0011DD48 /* TopLineViewProtocol.swift */,
				A4234D6A2C59148E0011DD48 /* RoomTypeCollectionViewCellProtocol.swift */,
			);
			path = Protocols;
			sourceTree = "<group>";
		};
		A411D9E52C503C5700519312 /* Services */ = {
			isa = PBXGroup;
			children = (
				A411D9E82C505CCA00519312 /* KandinskyAPIManager.swift */,
				A411D9EA2C5165B400519312 /* ImageAnalysisManager.swift */,
			);
			path = Services;
			sourceTree = "<group>";
		};
		A4234D3D2C555C8C0011DD48 /* Onboarding */ = {
			isa = PBXGroup;
			children = (
				A4234D3E2C555C950011DD48 /* Protocols */,
				A4234D3F2C555C9A0011DD48 /* Models */,
				A4234D402C555CA40011DD48 /* Views */,
				A4234D412C555CB00011DD48 /* Presenter */,
			);
			path = Onboarding;
			sourceTree = "<group>";
		};
		A4234D3E2C555C950011DD48 /* Protocols */ = {
			isa = PBXGroup;
			children = (
				A4234D4E2C578FB30011DD48 /* OnboardingViewProtocol.swift */,
				A4234D6E2C5915B00011DD48 /* OnboardingViewOutputProtocol.swift */,
				A4234D562C57A0A40011DD48 /* OnboaringPresenterProtocol.swift */,
				A4234D5A2C57CB6A0011DD48 /* OnboardingSlideProtocol.swift */,
			);
			path = Protocols;
			sourceTree = "<group>";
		};
		A4234D3F2C555C9A0011DD48 /* Models */ = {
			isa = PBXGroup;
			children = (
				A4234D4C2C578FA50011DD48 /* OnboardingSlide.swift */,
			);
			path = Models;
			sourceTree = "<group>";
		};
		A4234D402C555CA40011DD48 /* Views */ = {
			isa = PBXGroup;
			children = (
				A4234D422C555D4B0011DD48 /* OnboardingViewController.swift */,
				A4234D582C57A7DF0011DD48 /* OnboardingTriptychCollectionViewCell.swift */,
				A4234D5C2C57D1CF0011DD48 /* OnboardingCrossCollectionViewCell.swift */,
				A4234D5E2C58F9AF0011DD48 /* OnboardingLinesCollectionViewCell.swift */,
				A4234D8F2C59EBA10011DD48 /* PayWallCollectionViewCell.swift */,
			);
			path = Views;
			sourceTree = "<group>";
		};
		A4234D412C555CB00011DD48 /* Presenter */ = {
			isa = PBXGroup;
			children = (
				A4234D502C5790430011DD48 /* OnboardingPresenter.swift */,
			);
			path = Presenter;
			sourceTree = "<group>";
		};
		A4234D732C5923500011DD48 /* Settings */ = {
			isa = PBXGroup;
			children = (
				A4234D742C5923B80011DD48 /* Protocols */,
				A4234D752C5923BE0011DD48 /* Models */,
				A4234D772C5923CB0011DD48 /* Views */,
				A4234D762C5923C40011DD48 /* Presenter */,
			);
			path = Settings;
			sourceTree = "<group>";
		};
		A4234D742C5923B80011DD48 /* Protocols */ = {
			isa = PBXGroup;
			children = (
				A4234D7A2C5929010011DD48 /* SettingsViewInputProtocol.swift */,
				A4234D7C2C5929200011DD48 /* SettingsViewOutputProtocol.swift */,
				A4234D7E2C5929600011DD48 /* SettingsPresenterProtocol.swift */,
				A4234D8B2C59E7610011DD48 /* AnimatableSettingsTableViewCell.swift */,
			);
			path = Protocols;
			sourceTree = "<group>";
		};
		A4234D752C5923BE0011DD48 /* Models */ = {
			isa = PBXGroup;
			children = (
				A4234D8D2C59E89C0011DD48 /* SettingsTableCellData.swift */,
			);
			path = Models;
			sourceTree = "<group>";
		};
		A4234D762C5923C40011DD48 /* Presenter */ = {
			isa = PBXGroup;
			children = (
				A4234D802C592A630011DD48 /* SettingsPresenter.swift */,
			);
			path = Presenter;
			sourceTree = "<group>";
		};
		A4234D772C5923CB0011DD48 /* Views */ = {
			isa = PBXGroup;
			children = (
				A4234D782C59241D0011DD48 /* SettingsViewController.swift */,
				A4234D862C595BBA0011DD48 /* SettingsTableViewCell.swift */,
			);
			path = Views;
			sourceTree = "<group>";
		};
		A4234D882C59E50E0011DD48 /* Managers */ = {
			isa = PBXGroup;
			children = (
				A411D9E12C50036B00519312 /* SceneBuildManager.swift */,
				A4234D892C59E51F0011DD48 /* RatingManager.swift */,
			);
			path = Managers;
			sourceTree = "<group>";
		};
		A4234D912C59FC180011DD48 /* PayWall */ = {
			isa = PBXGroup;
			children = (
				A4234D952C59FC390011DD48 /* Models */,
				A4234D942C59FC340011DD48 /* Views */,
				A4234D932C59FC2B0011DD48 /* Presenter */,
				A4234D922C59FC210011DD48 /* Protocols */,
			);
			path = PayWall;
			sourceTree = "<group>";
		};
		A4234D922C59FC210011DD48 /* Protocols */ = {
			isa = PBXGroup;
			children = (
			);
			path = Protocols;
			sourceTree = "<group>";
		};
		A4234D932C59FC2B0011DD48 /* Presenter */ = {
			isa = PBXGroup;
			children = (
			);
			path = Presenter;
			sourceTree = "<group>";
		};
		A4234D942C59FC340011DD48 /* Views */ = {
			isa = PBXGroup;
			children = (
				A4234D962C59FC580011DD48 /* PayWallViewController.swift */,
				A4234D982C59FEC30011DD48 /* PayWallView.swift */,
			);
			path = Views;
			sourceTree = "<group>";
		};
		A4234D952C59FC390011DD48 /* Models */ = {
			isa = PBXGroup;
			children = (
			);
			path = Models;
			sourceTree = "<group>";
		};
/* End PBXGroup section */

/* Begin PBXNativeTarget section */
		A411D9A32C4D883D00519312 /* AIRoomInterior */ = {
			isa = PBXNativeTarget;
			buildConfigurationList = A411D9B82C4D883F00519312 /* Build configuration list for PBXNativeTarget "AIRoomInterior" */;
			buildPhases = (
				A411D9A02C4D883D00519312 /* Sources */,
				A411D9A12C4D883D00519312 /* Frameworks */,
				A411D9A22C4D883D00519312 /* Resources */,
			);
			buildRules = (
			);
			dependencies = (
			);
			name = AIRoomInterior;
			productName = AIRoomInterior;
			productReference = A411D9A42C4D883D00519312 /* AIRoomInterior.app */;
			productType = "com.apple.product-type.application";
		};
/* End PBXNativeTarget section */

/* Begin PBXProject section */
		A411D99C2C4D883D00519312 /* Project object */ = {
			isa = PBXProject;
			attributes = {
				BuildIndependentTargetsInParallel = 1;
				LastSwiftUpdateCheck = 1540;
				LastUpgradeCheck = 1540;
				TargetAttributes = {
					A411D9A32C4D883D00519312 = {
						CreatedOnToolsVersion = 15.4;
					};
				};
			};
			buildConfigurationList = A411D99F2C4D883D00519312 /* Build configuration list for PBXProject "AIRoomInterior" */;
			compatibilityVersion = "Xcode 14.0";
			developmentRegion = en;
			hasScannedForEncodings = 0;
			knownRegions = (
				en,
				Base,
			);
			mainGroup = A411D99B2C4D883D00519312;
			productRefGroup = A411D9A52C4D883D00519312 /* Products */;
			projectDirPath = "";
			projectRoot = "";
			targets = (
				A411D9A32C4D883D00519312 /* AIRoomInterior */,
			);
		};
/* End PBXProject section */

/* Begin PBXResourcesBuildPhase section */
		A411D9A22C4D883D00519312 /* Resources */ = {
			isa = PBXResourcesBuildPhase;
			buildActionMask = 2147483647;
			files = (
				A411D9D12C4D97B300519312 /* Inter-Bold.ttf in Resources */,
				A411D9B12C4D883F00519312 /* Assets.xcassets in Resources */,
				A411D9D32C4D97BC00519312 /* Inter-Regular.ttf in Resources */,
				A411D9B42C4D883F00519312 /* Base in Resources */,
			);
			runOnlyForDeploymentPostprocessing = 0;
		};
/* End PBXResourcesBuildPhase section */

/* Begin PBXSourcesBuildPhase section */
		A411D9A02C4D883D00519312 /* Sources */ = {
			isa = PBXSourcesBuildPhase;
			buildActionMask = 2147483647;
			files = (
				A411D9E42C501FA300519312 /* SwipeButton.swift in Sources */,
				A411D9C92C4D948600519312 /* RoomStyle.swift in Sources */,
				A4234D632C5912450011DD48 /* UIStackView+RemoveArrangedSubviews.swift in Sources */,
				A4234D592C57A7DF0011DD48 /* OnboardingTriptychCollectionViewCell.swift in Sources */,
				A4234D872C595BBA0011DD48 /* SettingsTableViewCell.swift in Sources */,
				A411D9F92C53944900519312 /* ResultView.swift in Sources */,
				A4234D7F2C5929600011DD48 /* SettingsPresenterProtocol.swift in Sources */,
				A4234D612C59119D0011DD48 /* UIStackView+UppendImageViews.swift in Sources */,
				A4234D8C2C59E7610011DD48 /* AnimatableSettingsTableViewCell.swift in Sources */,
				A4234D812C592A630011DD48 /* SettingsPresenter.swift in Sources */,
				A4234D4F2C578FB30011DD48 /* OnboardingViewProtocol.swift in Sources */,
				A4234D992C59FEC30011DD48 /* PayWallView.swift in Sources */,
				A4234D492C56DC2E0011DD48 /* UIView+SetGradient.swift in Sources */,
				A411D9FD2C54D6CE00519312 /* InputResult.swift in Sources */,
				A4234D3A2C54E2220011DD48 /* UIView+AddBlur.swift in Sources */,
				A4234D532C5792130011DD48 /* GenerationViewInputProtocol.swift in Sources */,
				A4234D902C59EBA10011DD48 /* PayWallCollectionViewCell.swift in Sources */,
				A4234D8A2C59E51F0011DD48 /* RatingManager.swift in Sources */,
				A4234D6F2C5915B00011DD48 /* OnboardingViewOutputProtocol.swift in Sources */,
				A4234D6B2C59148E0011DD48 /* RoomTypeCollectionViewCellProtocol.swift in Sources */,
				A411D9F52C53806B00519312 /* GenerationViewController.swift in Sources */,
				A411D9DF2C4FFC4900519312 /* GenerationViewOutputProtocol.swift in Sources */,
				A4234D7B2C5929010011DD48 /* SettingsViewInputProtocol.swift in Sources */,
				A4234D6D2C5914AB0011DD48 /* String+GenerateWidth.swift in Sources */,
				A411D9E22C50036B00519312 /* SceneBuildManager.swift in Sources */,
				A4234D432C555D4B0011DD48 /* OnboardingViewController.swift in Sources */,
				A411D9ED2C5193C400519312 /* ImageAnalisisResposeModel.swift in Sources */,
				A4234D4D2C578FA50011DD48 /* OnboardingSlide.swift in Sources */,
				A411D9DA2C4EF4FB00519312 /* StyleCollectionViewCell.swift in Sources */,
				A4234D4B2C56E1F10011DD48 /* UIButton+DashedBorder.swift in Sources */,
				A4234D512C5790430011DD48 /* OnboardingPresenter.swift in Sources */,
				A4234D792C59241D0011DD48 /* SettingsViewController.swift in Sources */,
				A411D9EB2C5165B400519312 /* ImageAnalysisManager.swift in Sources */,
				A4234D5B2C57CB6A0011DD48 /* OnboardingSlideProtocol.swift in Sources */,
				A4234D472C56C2EA0011DD48 /* TopLineViewProtocol.swift in Sources */,
				A4234D8E2C59E89C0011DD48 /* SettingsTableCellData.swift in Sources */,
				A4234D572C57A0A40011DD48 /* OnboaringPresenterProtocol.swift in Sources */,
				A4234D5F2C58F9AF0011DD48 /* OnboardingLinesCollectionViewCell.swift in Sources */,
				A4234D3C2C54EBA70011DD48 /* ResultViewProtocol.swift in Sources */,
				A411D9C72C4D947A00519312 /* RoomType.swift in Sources */,
				A411D9DC2C4FB3AF00519312 /* RoomTypeCollectionViewCell.swift in Sources */,
				A411D9A82C4D883D00519312 /* AppDelegate.swift in Sources */,
				A4234D7D2C5929200011DD48 /* SettingsViewOutputProtocol.swift in Sources */,
				A4234D5D2C57D1CF0011DD48 /* OnboardingCrossCollectionViewCell.swift in Sources */,
				A411D9C52C4D946100519312 /* InputMode.swift in Sources */,
				A411D9F12C5243F600519312 /* UIButton+SetTitle.swift in Sources */,
				A411D9F72C5381AB00519312 /* UIStackView+AddArrangedSubviews.swift in Sources */,
				A4234D652C5914280011DD48 /* UIImage+ColorInit.swift in Sources */,
				A411D9F32C52445900519312 /* PromtInputView.swift in Sources */,
				A411D9FB2C54D6AB00519312 /* PromtInputViewProtocol.swift in Sources */,
				A411D9EF2C5243D100519312 /* CircledSegmentedControl.swift in Sources */,
				A411D9AA2C4D883D00519312 /* SceneDelegate.swift in Sources */,
				A4234D972C59FC580011DD48 /* PayWallViewController.swift in Sources */,
				A4234D692C5914710011DD48 /* RoomTypeCellData.swift in Sources */,
				A4234D452C56B4370011DD48 /* TopLineView.swift in Sources */,
				A411D9D82C4EF17100519312 /* GeneratorPresenter.swift in Sources */,
				A4234D672C59144F0011DD48 /* RoomStyleCellData.swift in Sources */,
				A411D9CE2C4D972800519312 /* Constants.swift in Sources */,
				A411D9E92C505CCA00519312 /* KandinskyAPIManager.swift in Sources */,
			);
			runOnlyForDeploymentPostprocessing = 0;
		};
/* End PBXSourcesBuildPhase section */

/* Begin PBXVariantGroup section */
		A411D9B22C4D883F00519312 /* LaunchScreen.storyboard */ = {
			isa = PBXVariantGroup;
			children = (
				A411D9B32C4D883F00519312 /* Base */,
			);
			name = LaunchScreen.storyboard;
			sourceTree = "<group>";
		};
/* End PBXVariantGroup section */

/* Begin XCBuildConfiguration section */
		A411D9B62C4D883F00519312 /* Debug */ = {
			isa = XCBuildConfiguration;
			buildSettings = {
				ALWAYS_SEARCH_USER_PATHS = NO;
				ASSETCATALOG_COMPILER_GENERATE_SWIFT_ASSET_SYMBOL_EXTENSIONS = YES;
				CLANG_ANALYZER_NONNULL = YES;
				CLANG_ANALYZER_NUMBER_OBJECT_CONVERSION = YES_AGGRESSIVE;
				CLANG_CXX_LANGUAGE_STANDARD = "gnu++20";
				CLANG_ENABLE_MODULES = YES;
				CLANG_ENABLE_OBJC_ARC = YES;
				CLANG_ENABLE_OBJC_WEAK = YES;
				CLANG_WARN_BLOCK_CAPTURE_AUTORELEASING = YES;
				CLANG_WARN_BOOL_CONVERSION = YES;
				CLANG_WARN_COMMA = YES;
				CLANG_WARN_CONSTANT_CONVERSION = YES;
				CLANG_WARN_DEPRECATED_OBJC_IMPLEMENTATIONS = YES;
				CLANG_WARN_DIRECT_OBJC_ISA_USAGE = YES_ERROR;
				CLANG_WARN_DOCUMENTATION_COMMENTS = YES;
				CLANG_WARN_EMPTY_BODY = YES;
				CLANG_WARN_ENUM_CONVERSION = YES;
				CLANG_WARN_INFINITE_RECURSION = YES;
				CLANG_WARN_INT_CONVERSION = YES;
				CLANG_WARN_NON_LITERAL_NULL_CONVERSION = YES;
				CLANG_WARN_OBJC_IMPLICIT_RETAIN_SELF = YES;
				CLANG_WARN_OBJC_LITERAL_CONVERSION = YES;
				CLANG_WARN_OBJC_ROOT_CLASS = YES_ERROR;
				CLANG_WARN_QUOTED_INCLUDE_IN_FRAMEWORK_HEADER = YES;
				CLANG_WARN_RANGE_LOOP_ANALYSIS = YES;
				CLANG_WARN_STRICT_PROTOTYPES = YES;
				CLANG_WARN_SUSPICIOUS_MOVE = YES;
				CLANG_WARN_UNGUARDED_AVAILABILITY = YES_AGGRESSIVE;
				CLANG_WARN_UNREACHABLE_CODE = YES;
				CLANG_WARN__DUPLICATE_METHOD_MATCH = YES;
				COPY_PHASE_STRIP = NO;
				DEBUG_INFORMATION_FORMAT = dwarf;
				ENABLE_STRICT_OBJC_MSGSEND = YES;
				ENABLE_TESTABILITY = YES;
				ENABLE_USER_SCRIPT_SANDBOXING = YES;
				GCC_C_LANGUAGE_STANDARD = gnu17;
				GCC_DYNAMIC_NO_PIC = NO;
				GCC_NO_COMMON_BLOCKS = YES;
				GCC_OPTIMIZATION_LEVEL = 0;
				GCC_PREPROCESSOR_DEFINITIONS = (
					"DEBUG=1",
					"$(inherited)",
				);
				GCC_WARN_64_TO_32_BIT_CONVERSION = YES;
				GCC_WARN_ABOUT_RETURN_TYPE = YES_ERROR;
				GCC_WARN_UNDECLARED_SELECTOR = YES;
				GCC_WARN_UNINITIALIZED_AUTOS = YES_AGGRESSIVE;
				GCC_WARN_UNUSED_FUNCTION = YES;
				GCC_WARN_UNUSED_VARIABLE = YES;
				IPHONEOS_DEPLOYMENT_TARGET = 14.0;
				LOCALIZATION_PREFERS_STRING_CATALOGS = YES;
				MTL_ENABLE_DEBUG_INFO = INCLUDE_SOURCE;
				MTL_FAST_MATH = YES;
				ONLY_ACTIVE_ARCH = YES;
				SDKROOT = iphoneos;
				SWIFT_ACTIVE_COMPILATION_CONDITIONS = "DEBUG $(inherited)";
				SWIFT_OPTIMIZATION_LEVEL = "-Onone";
			};
			name = Debug;
		};
		A411D9B72C4D883F00519312 /* Release */ = {
			isa = XCBuildConfiguration;
			buildSettings = {
				ALWAYS_SEARCH_USER_PATHS = NO;
				ASSETCATALOG_COMPILER_GENERATE_SWIFT_ASSET_SYMBOL_EXTENSIONS = YES;
				CLANG_ANALYZER_NONNULL = YES;
				CLANG_ANALYZER_NUMBER_OBJECT_CONVERSION = YES_AGGRESSIVE;
				CLANG_CXX_LANGUAGE_STANDARD = "gnu++20";
				CLANG_ENABLE_MODULES = YES;
				CLANG_ENABLE_OBJC_ARC = YES;
				CLANG_ENABLE_OBJC_WEAK = YES;
				CLANG_WARN_BLOCK_CAPTURE_AUTORELEASING = YES;
				CLANG_WARN_BOOL_CONVERSION = YES;
				CLANG_WARN_COMMA = YES;
				CLANG_WARN_CONSTANT_CONVERSION = YES;
				CLANG_WARN_DEPRECATED_OBJC_IMPLEMENTATIONS = YES;
				CLANG_WARN_DIRECT_OBJC_ISA_USAGE = YES_ERROR;
				CLANG_WARN_DOCUMENTATION_COMMENTS = YES;
				CLANG_WARN_EMPTY_BODY = YES;
				CLANG_WARN_ENUM_CONVERSION = YES;
				CLANG_WARN_INFINITE_RECURSION = YES;
				CLANG_WARN_INT_CONVERSION = YES;
				CLANG_WARN_NON_LITERAL_NULL_CONVERSION = YES;
				CLANG_WARN_OBJC_IMPLICIT_RETAIN_SELF = YES;
				CLANG_WARN_OBJC_LITERAL_CONVERSION = YES;
				CLANG_WARN_OBJC_ROOT_CLASS = YES_ERROR;
				CLANG_WARN_QUOTED_INCLUDE_IN_FRAMEWORK_HEADER = YES;
				CLANG_WARN_RANGE_LOOP_ANALYSIS = YES;
				CLANG_WARN_STRICT_PROTOTYPES = YES;
				CLANG_WARN_SUSPICIOUS_MOVE = YES;
				CLANG_WARN_UNGUARDED_AVAILABILITY = YES_AGGRESSIVE;
				CLANG_WARN_UNREACHABLE_CODE = YES;
				CLANG_WARN__DUPLICATE_METHOD_MATCH = YES;
				COPY_PHASE_STRIP = NO;
				DEBUG_INFORMATION_FORMAT = "dwarf-with-dsym";
				ENABLE_NS_ASSERTIONS = NO;
				ENABLE_STRICT_OBJC_MSGSEND = YES;
				ENABLE_USER_SCRIPT_SANDBOXING = YES;
				GCC_C_LANGUAGE_STANDARD = gnu17;
				GCC_NO_COMMON_BLOCKS = YES;
				GCC_WARN_64_TO_32_BIT_CONVERSION = YES;
				GCC_WARN_ABOUT_RETURN_TYPE = YES_ERROR;
				GCC_WARN_UNDECLARED_SELECTOR = YES;
				GCC_WARN_UNINITIALIZED_AUTOS = YES_AGGRESSIVE;
				GCC_WARN_UNUSED_FUNCTION = YES;
				GCC_WARN_UNUSED_VARIABLE = YES;
				IPHONEOS_DEPLOYMENT_TARGET = 14.0;
				LOCALIZATION_PREFERS_STRING_CATALOGS = YES;
				MTL_ENABLE_DEBUG_INFO = NO;
				MTL_FAST_MATH = YES;
				SDKROOT = iphoneos;
				SWIFT_COMPILATION_MODE = wholemodule;
				VALIDATE_PRODUCT = YES;
			};
			name = Release;
		};
		A411D9B92C4D883F00519312 /* Debug */ = {
			isa = XCBuildConfiguration;
			buildSettings = {
				ASSETCATALOG_COMPILER_APPICON_NAME = AppIcon;
				ASSETCATALOG_COMPILER_GLOBAL_ACCENT_COLOR_NAME = AccentColor;
				CODE_SIGN_STYLE = Automatic;
				CURRENT_PROJECT_VERSION = 1;
				DEVELOPMENT_TEAM = 83A3HB7D55;
				GENERATE_INFOPLIST_FILE = YES;
				INFOPLIST_FILE = AIRoomInterior/Info.plist;
				INFOPLIST_KEY_UIApplicationSupportsIndirectInputEvents = YES;
				INFOPLIST_KEY_UILaunchStoryboardName = LaunchScreen;
				INFOPLIST_KEY_UIMainStoryboardFile = "";
				INFOPLIST_KEY_UISupportedInterfaceOrientations = UIInterfaceOrientationPortrait;
				INFOPLIST_KEY_UISupportedInterfaceOrientations_iPad = "UIInterfaceOrientationLandscapeLeft UIInterfaceOrientationLandscapeRight UIInterfaceOrientationPortrait UIInterfaceOrientationPortraitUpsideDown";
				LD_RUNPATH_SEARCH_PATHS = (
					"$(inherited)",
					"@executable_path/Frameworks",
				);
				MARKETING_VERSION = 1.0;
				PRODUCT_BUNDLE_IDENTIFIER = com.app.AIRoomInterior;
				PRODUCT_NAME = "$(TARGET_NAME)";
				SUPPORTED_PLATFORMS = "iphoneos iphonesimulator";
				SUPPORTS_MACCATALYST = NO;
				SUPPORTS_MAC_DESIGNED_FOR_IPHONE_IPAD = NO;
				SUPPORTS_XR_DESIGNED_FOR_IPHONE_IPAD = NO;
				SWIFT_EMIT_LOC_STRINGS = YES;
				SWIFT_VERSION = 5.0;
				TARGETED_DEVICE_FAMILY = 1;
			};
			name = Debug;
		};
		A411D9BA2C4D883F00519312 /* Release */ = {
			isa = XCBuildConfiguration;
			buildSettings = {
				ASSETCATALOG_COMPILER_APPICON_NAME = AppIcon;
				ASSETCATALOG_COMPILER_GLOBAL_ACCENT_COLOR_NAME = AccentColor;
				CODE_SIGN_STYLE = Automatic;
				CURRENT_PROJECT_VERSION = 1;
				DEVELOPMENT_TEAM = 83A3HB7D55;
				GENERATE_INFOPLIST_FILE = YES;
				INFOPLIST_FILE = AIRoomInterior/Info.plist;
				INFOPLIST_KEY_UIApplicationSupportsIndirectInputEvents = YES;
				INFOPLIST_KEY_UILaunchStoryboardName = LaunchScreen;
				INFOPLIST_KEY_UIMainStoryboardFile = "";
				INFOPLIST_KEY_UISupportedInterfaceOrientations = UIInterfaceOrientationPortrait;
				INFOPLIST_KEY_UISupportedInterfaceOrientations_iPad = "UIInterfaceOrientationLandscapeLeft UIInterfaceOrientationLandscapeRight UIInterfaceOrientationPortrait UIInterfaceOrientationPortraitUpsideDown";
				LD_RUNPATH_SEARCH_PATHS = (
					"$(inherited)",
					"@executable_path/Frameworks",
				);
				MARKETING_VERSION = 1.0;
				PRODUCT_BUNDLE_IDENTIFIER = com.app.AIRoomInterior;
				PRODUCT_NAME = "$(TARGET_NAME)";
				SUPPORTED_PLATFORMS = "iphoneos iphonesimulator";
				SUPPORTS_MACCATALYST = NO;
				SUPPORTS_MAC_DESIGNED_FOR_IPHONE_IPAD = NO;
				SUPPORTS_XR_DESIGNED_FOR_IPHONE_IPAD = NO;
				SWIFT_EMIT_LOC_STRINGS = YES;
				SWIFT_VERSION = 5.0;
				TARGETED_DEVICE_FAMILY = 1;
			};
			name = Release;
		};
/* End XCBuildConfiguration section */

/* Begin XCConfigurationList section */
		A411D99F2C4D883D00519312 /* Build configuration list for PBXProject "AIRoomInterior" */ = {
			isa = XCConfigurationList;
			buildConfigurations = (
				A411D9B62C4D883F00519312 /* Debug */,
				A411D9B72C4D883F00519312 /* Release */,
			);
			defaultConfigurationIsVisible = 0;
			defaultConfigurationName = Release;
		};
		A411D9B82C4D883F00519312 /* Build configuration list for PBXNativeTarget "AIRoomInterior" */ = {
			isa = XCConfigurationList;
			buildConfigurations = (
				A411D9B92C4D883F00519312 /* Debug */,
				A411D9BA2C4D883F00519312 /* Release */,
			);
			defaultConfigurationIsVisible = 0;
			defaultConfigurationName = Release;
		};
/* End XCConfigurationList section */
	};
	rootObject = A411D99C2C4D883D00519312 /* Project object */;
}
